{
  "name": "Furniture_Renting",
  "lockfileVersion": 3,
  "requires": true,
  "packages": {
    "": {
      "dependencies": {
        "@emailjs/browser": "^4.3.3"
      }
    },
    "node_modules/@emailjs/browser": {
      "version": "4.3.3",
      "resolved": "https://registry.npmjs.org/@emailjs/browser/-/browser-4.3.3.tgz",
      "integrity": "sha512-ltpt2S/WVREIBXptxYAVYBvXb2O6yTUYiRUWF8OLikMxlmiGsIgKpgHppikNd4Df0uAav7jCsQKcOJ3TJFUx5g==",
      "engines": {
        "node": ">=14.0.0"
      }
    }
  }
}
